// !$*UTF8*$!
{
	archiveVersion = 1;
	classes = {
	};
	objectVersion = 55;
	objects = {

/* Begin PBXBuildFile section */
		445F73D728C7A1460063B18D /* PantallaInicioViewController.swift in Sources */ = {isa = PBXBuildFile; fileRef = 445F73D628C7A1460063B18D /* PantallaInicioViewController.swift */; };
		44B0E23828C8DD26002879EC /* PantallaViewController.m in Sources */ = {isa = PBXBuildFile; fileRef = 44B0E23728C8DD26002879EC /* PantallaViewController.m */; };
		FB3923E328C797DC00A90EFA /* AppDelegate.swift in Sources */ = {isa = PBXBuildFile; fileRef = FB3923E228C797DC00A90EFA /* AppDelegate.swift */; };
		FB3923E528C797DC00A90EFA /* SceneDelegate.swift in Sources */ = {isa = PBXBuildFile; fileRef = FB3923E428C797DC00A90EFA /* SceneDelegate.swift */; };
		FB3923E728C797DC00A90EFA /* ViewController.swift in Sources */ = {isa = PBXBuildFile; fileRef = FB3923E628C797DC00A90EFA /* ViewController.swift */; };
		FB3923EA28C797DC00A90EFA /* Main.storyboard in Resources */ = {isa = PBXBuildFile; fileRef = FB3923E828C797DC00A90EFA /* Main.storyboard */; };
		FB3923EC28C797E000A90EFA /* Assets.xcassets in Resources */ = {isa = PBXBuildFile; fileRef = FB3923EB28C797E000A90EFA /* Assets.xcassets */; };
		FB3923EF28C797E000A90EFA /* LaunchScreen.storyboard in Resources */ = {isa = PBXBuildFile; fileRef = FB3923ED28C797E000A90EFA /* LaunchScreen.storyboard */; };
/* End PBXBuildFile section */

/* Begin PBXFileReference section */
		445F73D628C7A1460063B18D /* PantallaInicioViewController.swift */ = {isa = PBXFileReference; lastKnownFileType = sourcecode.swift; path = PantallaInicioViewController.swift; sourceTree = "<group>"; };
		44B0E23128C8D6AA002879EC /* App_Cáritas-Bridging-Header.h */ = {isa = PBXFileReference; lastKnownFileType = sourcecode.c.h; path = "App_Cáritas-Bridging-Header.h"; sourceTree = "<group>"; };
		44B0E23628C8DD26002879EC /* PantallaViewController.h */ = {isa = PBXFileReference; lastKnownFileType = sourcecode.c.h; path = PantallaViewController.h; sourceTree = "<group>"; };
		44B0E23728C8DD26002879EC /* PantallaViewController.m */ = {isa = PBXFileReference; lastKnownFileType = sourcecode.c.objc; path = PantallaViewController.m; sourceTree = "<group>"; };
		FB3923DF28C797DC00A90EFA /* App_Cáritas.app */ = {isa = PBXFileReference; explicitFileType = wrapper.application; includeInIndex = 0; path = "App_Cáritas.app"; sourceTree = BUILT_PRODUCTS_DIR; };
		FB3923E228C797DC00A90EFA /* AppDelegate.swift */ = {isa = PBXFileReference; lastKnownFileType = sourcecode.swift; path = AppDelegate.swift; sourceTree = "<group>"; };
		FB3923E428C797DC00A90EFA /* SceneDelegate.swift */ = {isa = PBXFileReference; lastKnownFileType = sourcecode.swift; path = SceneDelegate.swift; sourceTree = "<group>"; };
		FB3923E628C797DC00A90EFA /* ViewController.swift */ = {isa = PBXFileReference; lastKnownFileType = sourcecode.swift; path = ViewController.swift; sourceTree = "<group>"; };
		FB3923E928C797DC00A90EFA /* Base */ = {isa = PBXFileReference; lastKnownFileType = file.storyboard; name = Base; path = Base.lproj/Main.storyboard; sourceTree = "<group>"; };
		FB3923EB28C797E000A90EFA /* Assets.xcassets */ = {isa = PBXFileReference; lastKnownFileType = folder.assetcatalog; path = Assets.xcassets; sourceTree = "<group>"; };
		FB3923EE28C797E000A90EFA /* Base */ = {isa = PBXFileReference; lastKnownFileType = file.storyboard; name = Base; path = Base.lproj/LaunchScreen.storyboard; sourceTree = "<group>"; };
		FB3923F028C797E000A90EFA /* Info.plist */ = {isa = PBXFileReference; lastKnownFileType = text.plist.xml; path = Info.plist; sourceTree = "<group>"; };
/* End PBXFileReference section */

/* Begin PBXFrameworksBuildPhase section */
		FB3923DC28C797DC00A90EFA /* Frameworks */ = {
			isa = PBXFrameworksBuildPhase;
			buildActionMask = 2147483647;
			files = (
			);
			runOnlyForDeploymentPostprocessing = 0;
		};
/* End PBXFrameworksBuildPhase section */

/* Begin PBXGroup section */
		FB3923D628C797DC00A90EFA = {
			isa = PBXGroup;
			children = (
				FB3923E128C797DC00A90EFA /* App_Cáritas */,
				FB3923E028C797DC00A90EFA /* Products */,
			);
			sourceTree = "<group>";
		};
		FB3923E028C797DC00A90EFA /* Products */ = {
			isa = PBXGroup;
			children = (
				FB3923DF28C797DC00A90EFA /* App_Cáritas.app */,
			);
			name = Products;
			sourceTree = "<group>";
		};
		FB3923E128C797DC00A90EFA /* App_Cáritas */ = {
			isa = PBXGroup;
			children = (
				FB3923E228C797DC00A90EFA /* AppDelegate.swift */,
				FB3923E428C797DC00A90EFA /* SceneDelegate.swift */,
				FB3923E628C797DC00A90EFA /* ViewController.swift */,
				FB3923E828C797DC00A90EFA /* Main.storyboard */,
				445F73D628C7A1460063B18D /* PantallaInicioViewController.swift */,
				44B0E23628C8DD26002879EC /* PantallaViewController.h */,
				44B0E23728C8DD26002879EC /* PantallaViewController.m */,
				FB3923EB28C797E000A90EFA /* Assets.xcassets */,
				FB3923ED28C797E000A90EFA /* LaunchScreen.storyboard */,
				FB3923F028C797E000A90EFA /* Info.plist */,
				44B0E23128C8D6AA002879EC /* App_Cáritas-Bridging-Header.h */,
			);
			path = "App_Cáritas";
			sourceTree = "<group>";
		};
/* End PBXGroup section */

/* Begin PBXNativeTarget section */
		FB3923DE28C797DC00A90EFA /* App_Cáritas */ = {
			isa = PBXNativeTarget;
			buildConfigurationList = FB3923F328C797E000A90EFA /* Build configuration list for PBXNativeTarget "App_Cáritas" */;
			buildPhases = (
				FB3923DB28C797DC00A90EFA /* Sources */,
				FB3923DC28C797DC00A90EFA /* Frameworks */,
				FB3923DD28C797DC00A90EFA /* Resources */,
			);
			buildRules = (
			);
			dependencies = (
			);
			name = "App_Cáritas";
			productName = "App_Cáritas";
			productReference = FB3923DF28C797DC00A90EFA /* App_Cáritas.app */;
			productType = "com.apple.product-type.application";
		};
/* End PBXNativeTarget section */

/* Begin PBXProject section */
		FB3923D728C797DC00A90EFA /* Project object */ = {
			isa = PBXProject;
			attributes = {
				BuildIndependentTargetsInParallel = 1;
				LastSwiftUpdateCheck = 1340;
				LastUpgradeCheck = 1340;
				TargetAttributes = {
					FB3923DE28C797DC00A90EFA = {
						CreatedOnToolsVersion = 13.4.1;
						LastSwiftMigration = 1340;
					};
				};
			};
			buildConfigurationList = FB3923DA28C797DC00A90EFA /* Build configuration list for PBXProject "App_Cáritas" */;
			compatibilityVersion = "Xcode 13.0";
			developmentRegion = en;
			hasScannedForEncodings = 0;
			knownRegions = (
				en,
				Base,
			);
			mainGroup = FB3923D628C797DC00A90EFA;
			productRefGroup = FB3923E028C797DC00A90EFA /* Products */;
			projectDirPath = "";
			projectRoot = "";
			targets = (
				FB3923DE28C797DC00A90EFA /* App_Cáritas */,
			);
		};
/* End PBXProject section */

/* Begin PBXResourcesBuildPhase section */
		FB3923DD28C797DC00A90EFA /* Resources */ = {
			isa = PBXResourcesBuildPhase;
			buildActionMask = 2147483647;
			files = (
				FB3923EF28C797E000A90EFA /* LaunchScreen.storyboard in Resources */,
				FB3923EC28C797E000A90EFA /* Assets.xcassets in Resources */,
				FB3923EA28C797DC00A90EFA /* Main.storyboard in Resources */,
			);
			runOnlyForDeploymentPostprocessing = 0;
		};
/* End PBXResourcesBuildPhase section */

/* Begin PBXSourcesBuildPhase section */
		FB3923DB28C797DC00A90EFA /* Sources */ = {
			isa = PBXSourcesBuildPhase;
			buildActionMask = 2147483647;
			files = (
				445F73D728C7A1460063B18D /* PantallaInicioViewController.swift in Sources */,
				FB3923E728C797DC00A90EFA /* ViewController.swift in Sources */,
				44B0E23828C8DD26002879EC /* PantallaViewController.m in Sources */,
				FB3923E328C797DC00A90EFA /* AppDelegate.swift in Sources */,
				FB3923E528C797DC00A90EFA /* SceneDelegate.swift in Sources */,
			);
			runOnlyForDeploymentPostprocessing = 0;
		};
/* End PBXSourcesBuildPhase section */

/* Begin PBXVariantGroup section */
		FB3923E828C797DC00A90EFA /* Main.storyboard */ = {
			isa = PBXVariantGroup;
			children = (
				FB3923E928C797DC00A90EFA /* Base */,
			);
			name = Main.storyboard;
			sourceTree = "<group>";
		};
		FB3923ED28C797E000A90EFA /* LaunchScreen.storyboard */ = {
			isa = PBXVariantGroup;
			children = (
				FB3923EE28C797E000A90EFA /* Base */,
			);
			name = LaunchScreen.storyboard;
			sourceTree = "<group>";
		};
/* End PBXVariantGroup section */

/* Begin XCBuildConfiguration section */
		FB3923F128C797E000A90EFA /* Debug */ = {
			isa = XCBuildConfiguration;
			buildSettings = {
				ALWAYS_SEARCH_USER_PATHS = NO;
				CLANG_ANALYZER_NONNULL = YES;
				CLANG_ANALYZER_NUMBER_OBJECT_CONVERSION = YES_AGGRESSIVE;
				CLANG_CXX_LANGUAGE_STANDARD = "gnu++17";
				CLANG_ENABLE_MODULES = YES;
				CLANG_ENABLE_OBJC_ARC = YES;
				CLANG_ENABLE_OBJC_WEAK = YES;
				CLANG_WARN_BLOCK_CAPTURE_AUTORELEASING = YES;
				CLANG_WARN_BOOL_CONVERSION = YES;
				CLANG_WARN_COMMA = YES;
				CLANG_WARN_CONSTANT_CONVERSION = YES;
				CLANG_WARN_DEPRECATED_OBJC_IMPLEMENTATIONS = YES;
				CLANG_WARN_DIRECT_OBJC_ISA_USAGE = YES_ERROR;
				CLANG_WARN_DOCUMENTATION_COMMENTS = YES;
				CLANG_WARN_EMPTY_BODY = YES;
				CLANG_WARN_ENUM_CONVERSION = YES;
				CLANG_WARN_INFINITE_RECURSION = YES;
				CLANG_WARN_INT_CONVERSION = YES;
				CLANG_WARN_NON_LITERAL_NULL_CONVERSION = YES;
				CLANG_WARN_OBJC_IMPLICIT_RETAIN_SELF = YES;
				CLANG_WARN_OBJC_LITERAL_CONVERSION = YES;
				CLANG_WARN_OBJC_ROOT_CLASS = YES_ERROR;
				CLANG_WARN_QUOTED_INCLUDE_IN_FRAMEWORK_HEADER = YES;
				CLANG_WARN_RANGE_LOOP_ANALYSIS = YES;
				CLANG_WARN_STRICT_PROTOTYPES = YES;
				CLANG_WARN_SUSPICIOUS_MOVE = YES;
				CLANG_WARN_UNGUARDED_AVAILABILITY = YES_AGGRESSIVE;
				CLANG_WARN_UNREACHABLE_CODE = YES;
				CLANG_WARN__DUPLICATE_METHOD_MATCH = YES;
				COPY_PHASE_STRIP = NO;
				DEBUG_INFORMATION_FORMAT = dwarf;
				ENABLE_STRICT_OBJC_MSGSEND = YES;
				ENABLE_TESTABILITY = YES;
				GCC_C_LANGUAGE_STANDARD = gnu11;
				GCC_DYNAMIC_NO_PIC = NO;
				GCC_NO_COMMON_BLOCKS = YES;
				GCC_OPTIMIZATION_LEVEL = 0;
				GCC_PREPROCESSOR_DEFINITIONS = (
					"DEBUG=1",
					"$(inherited)",
				);
				GCC_WARN_64_TO_32_BIT_CONVERSION = YES;
				GCC_WARN_ABOUT_RETURN_TYPE = YES_ERROR;
				GCC_WARN_UNDECLARED_SELECTOR = YES;
				GCC_WARN_UNINITIALIZED_AUTOS = YES_AGGRESSIVE;
				GCC_WARN_UNUSED_FUNCTION = YES;
				GCC_WARN_UNUSED_VARIABLE = YES;
				IPHONEOS_DEPLOYMENT_TARGET = 15.5;
				MTL_ENABLE_DEBUG_INFO = INCLUDE_SOURCE;
				MTL_FAST_MATH = YES;
				ONLY_ACTIVE_ARCH = YES;
				SDKROOT = iphoneos;
				SWIFT_ACTIVE_COMPILATION_CONDITIONS = DEBUG;
				SWIFT_OPTIMIZATION_LEVEL = "-Onone";
			};
			name = Debug;
		};
		FB3923F228C797E000A90EFA /* Release */ = {
			isa = XCBuildConfiguration;
			buildSettings = {
				ALWAYS_SEARCH_USER_PATHS = NO;
				CLANG_ANALYZER_NONNULL = YES;
				CLANG_ANALYZER_NUMBER_OBJECT_CONVERSION = YES_AGGRESSIVE;
				CLANG_CXX_LANGUAGE_STANDARD = "gnu++17";
				CLANG_ENABLE_MODULES = YES;
				CLANG_ENABLE_OBJC_ARC = YES;
				CLANG_ENABLE_OBJC_WEAK = YES;
				CLANG_WARN_BLOCK_CAPTURE_AUTORELEASING = YES;
				CLANG_WARN_BOOL_CONVERSION = YES;
				CLANG_WARN_COMMA = YES;
				CLANG_WARN_CONSTANT_CONVERSION = YES;
				CLANG_WARN_DEPRECATED_OBJC_IMPLEMENTATIONS = YES;
				CLANG_WARN_DIRECT_OBJC_ISA_USAGE = YES_ERROR;
				CLANG_WARN_DOCUMENTATION_COMMENTS = YES;
				CLANG_WARN_EMPTY_BODY = YES;
				CLANG_WARN_ENUM_CONVERSION = YES;
				CLANG_WARN_INFINITE_RECURSION = YES;
				CLANG_WARN_INT_CONVERSION = YES;
				CLANG_WARN_NON_LITERAL_NULL_CONVERSION = YES;
				CLANG_WARN_OBJC_IMPLICIT_RETAIN_SELF = YES;
				CLANG_WARN_OBJC_LITERAL_CONVERSION = YES;
				CLANG_WARN_OBJC_ROOT_CLASS = YES_ERROR;
				CLANG_WARN_QUOTED_INCLUDE_IN_FRAMEWORK_HEADER = YES;
				CLANG_WARN_RANGE_LOOP_ANALYSIS = YES;
				CLANG_WARN_STRICT_PROTOTYPES = YES;
				CLANG_WARN_SUSPICIOUS_MOVE = YES;
				CLANG_WARN_UNGUARDED_AVAILABILITY = YES_AGGRESSIVE;
				CLANG_WARN_UNREACHABLE_CODE = YES;
				CLANG_WARN__DUPLICATE_METHOD_MATCH = YES;
				COPY_PHASE_STRIP = NO;
				DEBUG_INFORMATION_FORMAT = "dwarf-with-dsym";
				ENABLE_NS_ASSERTIONS = NO;
				ENABLE_STRICT_OBJC_MSGSEND = YES;
				GCC_C_LANGUAGE_STANDARD = gnu11;
				GCC_NO_COMMON_BLOCKS = YES;
				GCC_WARN_64_TO_32_BIT_CONVERSION = YES;
				GCC_WARN_ABOUT_RETURN_TYPE = YES_ERROR;
				GCC_WARN_UNDECLARED_SELECTOR = YES;
				GCC_WARN_UNINITIALIZED_AUTOS = YES_AGGRESSIVE;
				GCC_WARN_UNUSED_FUNCTION = YES;
				GCC_WARN_UNUSED_VARIABLE = YES;
				IPHONEOS_DEPLOYMENT_TARGET = 15.5;
				MTL_ENABLE_DEBUG_INFO = NO;
				MTL_FAST_MATH = YES;
				SDKROOT = iphoneos;
				SWIFT_COMPILATION_MODE = wholemodule;
				SWIFT_OPTIMIZATION_LEVEL = "-O";
				VALIDATE_PRODUCT = YES;
			};
			name = Release;
		};
		FB3923F428C797E000A90EFA /* Debug */ = {
			isa = XCBuildConfiguration;
			buildSettings = {
				ASSETCATALOG_COMPILER_APPICON_NAME = AppIcon;
				ASSETCATALOG_COMPILER_GLOBAL_ACCENT_COLOR_NAME = AccentColor;
				CLANG_ENABLE_MODULES = YES;
				CODE_SIGN_STYLE = Automatic;
				CURRENT_PROJECT_VERSION = 1;
				DEVELOPMENT_TEAM = B5MA56J7UP;
				GENERATE_INFOPLIST_FILE = YES;
				INFOPLIST_FILE = "App_Cáritas/Info.plist";
				INFOPLIST_KEY_UIApplicationSupportsIndirectInputEvents = YES;
				INFOPLIST_KEY_UILaunchStoryboardName = LaunchScreen;
				INFOPLIST_KEY_UIMainStoryboardFile = Main;
				INFOPLIST_KEY_UISupportedInterfaceOrientations_iPad = "UIInterfaceOrientationPortrait UIInterfaceOrientationPortraitUpsideDown UIInterfaceOrientationLandscapeLeft UIInterfaceOrientationLandscapeRight";
				INFOPLIST_KEY_UISupportedInterfaceOrientations_iPhone = "UIInterfaceOrientationPortrait UIInterfaceOrientationLandscapeLeft UIInterfaceOrientationLandscapeRight";
				LD_RUNPATH_SEARCH_PATHS = (
					"$(inherited)",
					"@executable_path/Frameworks",
				);
				MARKETING_VERSION = 1.0;
				PRODUCT_BUNDLE_IDENTIFIER = "Gru-s-Lab.App-Ca-ritas";
				PRODUCT_NAME = "$(TARGET_NAME)";
				SWIFT_EMIT_LOC_STRINGS = YES;
				SWIFT_OBJC_BRIDGING_HEADER = "App_Cáritas/App_Cáritas-Bridging-Header.h";
				SWIFT_OPTIMIZATION_LEVEL = "-Onone";
				SWIFT_VERSION = 5.0;
				TARGETED_DEVICE_FAMILY = "1,2";
			};
			name = Debug;
		};
		FB3923F528C797E000A90EFA /* Release */ = {
			isa = XCBuildConfiguration;
			buildSettings = {
				ASSETCATALOG_COMPILER_APPICON_NAME = AppIcon;
				ASSETCATALOG_COMPILER_GLOBAL_ACCENT_COLOR_NAME = AccentColor;
				CLANG_ENABLE_MODULES = YES;
				CODE_SIGN_STYLE = Automatic;
				CURRENT_PROJECT_VERSION = 1;
				DEVELOPMENT_TEAM = B5MA56J7UP;
				GENERATE_INFOPLIST_FILE = YES;
				INFOPLIST_FILE = "App_Cáritas/Info.plist";
				INFOPLIST_KEY_UIApplicationSupportsIndirectInputEvents = YES;
				INFOPLIST_KEY_UILaunchStoryboardName = LaunchScreen;
				INFOPLIST_KEY_UIMainStoryboardFile = Main;
				INFOPLIST_KEY_UISupportedInterfaceOrientations_iPad = "UIInterfaceOrientationPortrait UIInterfaceOrientationPortraitUpsideDown UIInterfaceOrientationLandscapeLeft UIInterfaceOrientationLandscapeRight";
				INFOPLIST_KEY_UISupportedInterfaceOrientations_iPhone = "UIInterfaceOrientationPortrait UIInterfaceOrientationLandscapeLeft UIInterfaceOrientationLandscapeRight";
				LD_RUNPATH_SEARCH_PATHS = (
					"$(inherited)",
					"@executable_path/Frameworks",
				);
				MARKETING_VERSION = 1.0;
				PRODUCT_BUNDLE_IDENTIFIER = "Gru-s-Lab.App-Ca-ritas";
				PRODUCT_NAME = "$(TARGET_NAME)";
				SWIFT_EMIT_LOC_STRINGS = YES;
				SWIFT_OBJC_BRIDGING_HEADER = "App_Cáritas/App_Cáritas-Bridging-Header.h";
				SWIFT_VERSION = 5.0;
				TARGETED_DEVICE_FAMILY = "1,2";
			};
			name = Release;
		};
/* End XCBuildConfiguration section */

/* Begin XCConfigurationList section */
		FB3923DA28C797DC00A90EFA /* Build configuration list for PBXProject "App_Cáritas" */ = {
			isa = XCConfigurationList;
			buildConfigurations = (
				FB3923F128C797E000A90EFA /* Debug */,
				FB3923F228C797E000A90EFA /* Release */,
			);
			defaultConfigurationIsVisible = 0;
			defaultConfigurationName = Release;
		};
		FB3923F328C797E000A90EFA /* Build configuration list for PBXNativeTarget "App_Cáritas" */ = {
			isa = XCConfigurationList;
			buildConfigurations = (
				FB3923F428C797E000A90EFA /* Debug */,
				FB3923F528C797E000A90EFA /* Release */,
			);
			defaultConfigurationIsVisible = 0;
			defaultConfigurationName = Release;
		};
/* End XCConfigurationList section */
	};
	rootObject = FB3923D728C797DC00A90EFA /* Project object */;
}
